
Microsoft Visual Studio Solution File, Format Version 12.00
# Visual Studio 2013
VisualStudioVersion = 12.0.31101.0
MinimumVisualStudioVersion = 10.0.40219.1
Project("{FAE04EC0-301F-11D3-BF4B-00C04F79EFBC}") = "NtefyWeb", "NtefyWeb\NtefyWeb.csproj", "{41D8F9CF-2A09-41EB-BC31-74DBFC5EFAAB}"
EndProject
Project("{2150E333-8FDC-42A3-9474-1A3956D46DE8}") = ".nuget", ".nuget", "{6FB7E50F-AB5C-445C-9604-C1E3CB6B6630}"
	ProjectSection(SolutionItems) = preProject
		.nuget\packages.config = .nuget\packages.config
	EndProjectSection
EndProject
Project("{FAE04EC0-301F-11D3-BF4B-00C04F79EFBC}") = "NtefySpotify", "NtefySpotify\NtefySpotify.csproj", "{55897701-0C21-4508-8B68-A888DAA2ED32}"
EndProject
Project("{FAE04EC0-301F-11D3-BF4B-00C04F79EFBC}") = "NtefyEmail", "NtefyEmail\NtefyEmail.csproj", "{10A7BA6A-3A65-49B4-915E-DB955E060D15}"
EndProject
Global
	GlobalSection(SolutionConfigurationPlatforms) = preSolution
		Debug|Any CPU = Debug|Any CPU
		Release|Any CPU = Release|Any CPU
	EndGlobalSection
	GlobalSection(ProjectConfigurationPlatforms) = postSolution
		{41D8F9CF-2A09-41EB-BC31-74DBFC5EFAAB}.Debug|Any CPU.ActiveCfg = Debug|Any CPU
		{41D8F9CF-2A09-41EB-BC31-74DBFC5EFAAB}.Debug|Any CPU.Build.0 = Debug|Any CPU
		{41D8F9CF-2A09-41EB-BC31-74DBFC5EFAAB}.Release|Any CPU.ActiveCfg = Release|Any CPU
		{41D8F9CF-2A09-41EB-BC31-74DBFC5EFAAB}.Release|Any CPU.Build.0 = Release|Any CPU
		{55897701-0C21-4508-8B68-A888DAA2ED32}.Debug|Any CPU.ActiveCfg = Debug|Any CPU
		{55897701-0C21-4508-8B68-A888DAA2ED32}.Debug|Any CPU.Build.0 = Debug|Any CPU
		{55897701-0C21-4508-8B68-A888DAA2ED32}.Release|Any CPU.ActiveCfg = Release|Any CPU
		{55897701-0C21-4508-8B68-A888DAA2ED32}.Release|Any CPU.Build.0 = Release|Any CPU
		{10A7BA6A-3A65-49B4-915E-DB955E060D15}.Debug|Any CPU.ActiveCfg = Debug|Any CPU
		{10A7BA6A-3A65-49B4-915E-DB955E060D15}.Debug|Any CPU.Build.0 = Debug|Any CPU
		{10A7BA6A-3A65-49B4-915E-DB955E060D15}.Release|Any CPU.ActiveCfg = Release|Any CPU
		{10A7BA6A-3A65-49B4-915E-DB955E060D15}.Release|Any CPU.Build.0 = Release|Any CPU
	EndGlobalSection
	GlobalSection(SolutionProperties) = preSolution
		HideSolutionNode = FALSE
	EndGlobalSection
EndGlobal
